// !$*UTF8*$!
{
	archiveVersion = 1;
	classes = {
	};
	objectVersion = 51;
	objects = {

/* Begin PBXBuildFile section */
		4D4CD1CB23F16C5900FCBE8F /* AlertImageUpload+Privacy.swift in Sources */ = {isa = PBXBuildFile; fileRef = 4D4CD1CA23F16C5900FCBE8F /* AlertImageUpload+Privacy.swift */; };
		4D4CD1CD23F16D8900FCBE8F /* GalleryImageUploadMock.swift in Sources */ = {isa = PBXBuildFile; fileRef = 4D4CD1CC23F16D8900FCBE8F /* GalleryImageUploadMock.swift */; };
		4D4CD1D123F18BEA00FCBE8F /* GalleryDetailViewControllerTests.swift in Sources */ = {isa = PBXBuildFile; fileRef = 4D4CD1D023F18BEA00FCBE8F /* GalleryDetailViewControllerTests.swift */; };
		4D5795B423911DD10052324B /* GalleryDetailViewController.swift in Sources */ = {isa = PBXBuildFile; fileRef = 4D5795B323911DD10052324B /* GalleryDetailViewController.swift */; };
		4D5795B623911F680052324B /* GalleryDetailViewRouter.swift in Sources */ = {isa = PBXBuildFile; fileRef = 4D5795B523911F680052324B /* GalleryDetailViewRouter.swift */; };
		4D5795B923911FB70052324B /* GalleryDetailViewProtocols.swift in Sources */ = {isa = PBXBuildFile; fileRef = 4D5795B823911FB70052324B /* GalleryDetailViewProtocols.swift */; };
		4D7FAB47239B884B0090274E /* UserDefaultsHelper.swift in Sources */ = {isa = PBXBuildFile; fileRef = 4D7FAB46239B884B0090274E /* UserDefaultsHelper.swift */; };
		4D8FCDD7238D009D00315E3D /* AppDelegate.swift in Sources */ = {isa = PBXBuildFile; fileRef = 4D8FCDD6238D009D00315E3D /* AppDelegate.swift */; };
		4D8FCDDE238D009E00315E3D /* Main.storyboard in Resources */ = {isa = PBXBuildFile; fileRef = 4D8FCDDC238D009E00315E3D /* Main.storyboard */; };
		4D8FCDE0238D009F00315E3D /* Assets.xcassets in Resources */ = {isa = PBXBuildFile; fileRef = 4D8FCDDF238D009F00315E3D /* Assets.xcassets */; };
		4D8FCDE3238D009F00315E3D /* LaunchScreen.storyboard in Resources */ = {isa = PBXBuildFile; fileRef = 4D8FCDE1238D009F00315E3D /* LaunchScreen.storyboard */; };
		4D8FCDEE238D009F00315E3D /* GalleryImagesUploadSwiftTests.swift in Sources */ = {isa = PBXBuildFile; fileRef = 4D8FCDED238D009F00315E3D /* GalleryImagesUploadSwiftTests.swift */; };
		4D8FCE03238D0C2F00315E3D /* GalleryViewProtocols.swift in Sources */ = {isa = PBXBuildFile; fileRef = 4D8FCE02238D0C2F00315E3D /* GalleryViewProtocols.swift */; };
		4D8FCE05238D0E6C00315E3D /* GalleryViewController.swift in Sources */ = {isa = PBXBuildFile; fileRef = 4D8FCE04238D0E6C00315E3D /* GalleryViewController.swift */; };
		4D8FCE07238D0F1100315E3D /* GalleryViewRouter.swift in Sources */ = {isa = PBXBuildFile; fileRef = 4D8FCE06238D0F1100315E3D /* GalleryViewRouter.swift */; };
		4D8FCE09238D0F7100315E3D /* GalleryPresenter.swift in Sources */ = {isa = PBXBuildFile; fileRef = 4D8FCE08238D0F7100315E3D /* GalleryPresenter.swift */; };
		4D8FCE0B238D0F7D00315E3D /* GalleryInteractor.swift in Sources */ = {isa = PBXBuildFile; fileRef = 4D8FCE0A238D0F7D00315E3D /* GalleryInteractor.swift */; };
		4D8FCE0D238D19EE00315E3D /* UIViewController+Helpers.swift in Sources */ = {isa = PBXBuildFile; fileRef = 4D8FCE0C238D19EE00315E3D /* UIViewController+Helpers.swift */; };
		4D8FCE0F238D2B5200315E3D /* Constants.swift in Sources */ = {isa = PBXBuildFile; fileRef = 4D8FCE0E238D2B5200315E3D /* Constants.swift */; };
		4D8FCE34238E4CC500315E3D /* Gallery.swift in Sources */ = {isa = PBXBuildFile; fileRef = 4D8FCE33238E4CC500315E3D /* Gallery.swift */; };
		4D8FCE37238E4ED400315E3D /* APIManager.swift in Sources */ = {isa = PBXBuildFile; fileRef = 4D8FCE35238E4ED400315E3D /* APIManager.swift */; };
		4D8FCE38238E4ED400315E3D /* HttpHandler.swift in Sources */ = {isa = PBXBuildFile; fileRef = 4D8FCE36238E4ED400315E3D /* HttpHandler.swift */; };
		4D8FCE3A238EA05500315E3D /* GalleryTableViewCell.swift in Sources */ = {isa = PBXBuildFile; fileRef = 4D8FCE39238EA05500315E3D /* GalleryTableViewCell.swift */; };
		4D8FCE3C238ED04F00315E3D /* GalleryViewController+ImagePicker.swift in Sources */ = {isa = PBXBuildFile; fileRef = 4D8FCE3B238ED04F00315E3D /* GalleryViewController+ImagePicker.swift */; };
		4D8FCE3E238FF3E200315E3D /* GalleryViewController.swift in Sources */ = {isa = PBXBuildFile; fileRef = 4D8FCE3D238FF3E100315E3D /* GalleryViewController.swift */; };
		80F8EDB11AD8145775EEE950 /* Pods_GalleryImagesUploadSwift.framework in Frameworks */ = {isa = PBXBuildFile; fileRef = 2639A504891386616ABECCB3 /* Pods_GalleryImagesUploadSwift.framework */; };
		8D0321D6CFE8DD8A5B1C3338 /* Pods_GalleryImagesUploadSwiftTests.framework in Frameworks */ = {isa = PBXBuildFile; fileRef = AFEAB64DB7FE575D5A6D0213 /* Pods_GalleryImagesUploadSwiftTests.framework */; };
/* End PBXBuildFile section */

/* Begin PBXContainerItemProxy section */
		4D8FCDEA238D009F00315E3D /* PBXContainerItemProxy */ = {
			isa = PBXContainerItemProxy;
			containerPortal = 4D8FCDCB238D009D00315E3D /* Project object */;
			proxyType = 1;
			remoteGlobalIDString = 4D8FCDD2238D009D00315E3D;
			remoteInfo = GalleryImagesUploadSwift;
		};
/* End PBXContainerItemProxy section */

/* Begin PBXFileReference section */
		2639A504891386616ABECCB3 /* Pods_GalleryImagesUploadSwift.framework */ = {isa = PBXFileReference; explicitFileType = wrapper.framework; includeInIndex = 0; path = Pods_GalleryImagesUploadSwift.framework; sourceTree = BUILT_PRODUCTS_DIR; };
		46AD7034B1F8FA3F6515579D /* Pods-GalleryImagesUploadSwift.debug.xcconfig */ = {isa = PBXFileReference; includeInIndex = 1; lastKnownFileType = text.xcconfig; name = "Pods-GalleryImagesUploadSwift.debug.xcconfig"; path = "Target Support Files/Pods-GalleryImagesUploadSwift/Pods-GalleryImagesUploadSwift.debug.xcconfig"; sourceTree = "<group>"; };
		4D4CD1CA23F16C5900FCBE8F /* AlertImageUpload+Privacy.swift */ = {isa = PBXFileReference; fileEncoding = 4; lastKnownFileType = sourcecode.swift; path = "AlertImageUpload+Privacy.swift"; sourceTree = "<group>"; };
		4D4CD1CC23F16D8900FCBE8F /* GalleryImageUploadMock.swift */ = {isa = PBXFileReference; lastKnownFileType = sourcecode.swift; path = GalleryImageUploadMock.swift; sourceTree = "<group>"; };
		4D4CD1D023F18BEA00FCBE8F /* GalleryDetailViewControllerTests.swift */ = {isa = PBXFileReference; lastKnownFileType = sourcecode.swift; path = GalleryDetailViewControllerTests.swift; sourceTree = "<group>"; };
		4D5795B323911DD10052324B /* GalleryDetailViewController.swift */ = {isa = PBXFileReference; lastKnownFileType = sourcecode.swift; path = GalleryDetailViewController.swift; sourceTree = "<group>"; };
		4D5795B523911F680052324B /* GalleryDetailViewRouter.swift */ = {isa = PBXFileReference; lastKnownFileType = sourcecode.swift; path = GalleryDetailViewRouter.swift; sourceTree = "<group>"; };
		4D5795B823911FB70052324B /* GalleryDetailViewProtocols.swift */ = {isa = PBXFileReference; lastKnownFileType = sourcecode.swift; path = GalleryDetailViewProtocols.swift; sourceTree = "<group>"; };
		4D7FAB46239B884B0090274E /* UserDefaultsHelper.swift */ = {isa = PBXFileReference; lastKnownFileType = sourcecode.swift; path = UserDefaultsHelper.swift; sourceTree = "<group>"; };
		4D8FCDD3238D009D00315E3D /* GalleryImagesUploadSwift.app */ = {isa = PBXFileReference; explicitFileType = wrapper.application; includeInIndex = 0; path = GalleryImagesUploadSwift.app; sourceTree = BUILT_PRODUCTS_DIR; };
		4D8FCDD6238D009D00315E3D /* AppDelegate.swift */ = {isa = PBXFileReference; lastKnownFileType = sourcecode.swift; path = AppDelegate.swift; sourceTree = "<group>"; };
		4D8FCDDD238D009E00315E3D /* Base */ = {isa = PBXFileReference; lastKnownFileType = file.storyboard; name = Base; path = Base.lproj/Main.storyboard; sourceTree = "<group>"; };
		4D8FCDDF238D009F00315E3D /* Assets.xcassets */ = {isa = PBXFileReference; lastKnownFileType = folder.assetcatalog; path = Assets.xcassets; sourceTree = "<group>"; };
		4D8FCDE2238D009F00315E3D /* Base */ = {isa = PBXFileReference; lastKnownFileType = file.storyboard; name = Base; path = Base.lproj/LaunchScreen.storyboard; sourceTree = "<group>"; };
		4D8FCDE4238D009F00315E3D /* Info.plist */ = {isa = PBXFileReference; lastKnownFileType = text.plist.xml; path = Info.plist; sourceTree = "<group>"; };
		4D8FCDE9238D009F00315E3D /* GalleryImagesUploadSwiftTests.xctest */ = {isa = PBXFileReference; explicitFileType = wrapper.cfbundle; includeInIndex = 0; path = GalleryImagesUploadSwiftTests.xctest; sourceTree = BUILT_PRODUCTS_DIR; };
		4D8FCDED238D009F00315E3D /* GalleryImagesUploadSwiftTests.swift */ = {isa = PBXFileReference; lastKnownFileType = sourcecode.swift; path = GalleryImagesUploadSwiftTests.swift; sourceTree = "<group>"; };
		4D8FCDEF238D009F00315E3D /* Info.plist */ = {isa = PBXFileReference; lastKnownFileType = text.plist.xml; path = Info.plist; sourceTree = "<group>"; };
		4D8FCE02238D0C2F00315E3D /* GalleryViewProtocols.swift */ = {isa = PBXFileReference; lastKnownFileType = sourcecode.swift; path = GalleryViewProtocols.swift; sourceTree = "<group>"; };
		4D8FCE04238D0E6C00315E3D /* GalleryViewController.swift */ = {isa = PBXFileReference; lastKnownFileType = sourcecode.swift; path = GalleryViewController.swift; sourceTree = "<group>"; };
		4D8FCE06238D0F1100315E3D /* GalleryViewRouter.swift */ = {isa = PBXFileReference; lastKnownFileType = sourcecode.swift; path = GalleryViewRouter.swift; sourceTree = "<group>"; };
		4D8FCE08238D0F7100315E3D /* GalleryPresenter.swift */ = {isa = PBXFileReference; lastKnownFileType = sourcecode.swift; path = GalleryPresenter.swift; sourceTree = "<group>"; };
		4D8FCE0A238D0F7D00315E3D /* GalleryInteractor.swift */ = {isa = PBXFileReference; lastKnownFileType = sourcecode.swift; path = GalleryInteractor.swift; sourceTree = "<group>"; };
		4D8FCE0C238D19EE00315E3D /* UIViewController+Helpers.swift */ = {isa = PBXFileReference; lastKnownFileType = sourcecode.swift; path = "UIViewController+Helpers.swift"; sourceTree = "<group>"; };
		4D8FCE0E238D2B5200315E3D /* Constants.swift */ = {isa = PBXFileReference; lastKnownFileType = sourcecode.swift; path = Constants.swift; sourceTree = "<group>"; };
		4D8FCE28238D4D4600315E3D /* GalleryImagesUploadSwift-Bridging-Header.h */ = {isa = PBXFileReference; lastKnownFileType = sourcecode.c.h; path = "GalleryImagesUploadSwift-Bridging-Header.h"; sourceTree = "<group>"; };
		4D8FCE33238E4CC500315E3D /* Gallery.swift */ = {isa = PBXFileReference; fileEncoding = 4; lastKnownFileType = sourcecode.swift; path = Gallery.swift; sourceTree = "<group>"; };
		4D8FCE35238E4ED400315E3D /* APIManager.swift */ = {isa = PBXFileReference; fileEncoding = 4; lastKnownFileType = sourcecode.swift; path = APIManager.swift; sourceTree = "<group>"; };
		4D8FCE36238E4ED400315E3D /* HttpHandler.swift */ = {isa = PBXFileReference; fileEncoding = 4; lastKnownFileType = sourcecode.swift; path = HttpHandler.swift; sourceTree = "<group>"; };
		4D8FCE39238EA05500315E3D /* GalleryTableViewCell.swift */ = {isa = PBXFileReference; lastKnownFileType = sourcecode.swift; path = GalleryTableViewCell.swift; sourceTree = "<group>"; };
		4D8FCE3B238ED04F00315E3D /* GalleryViewController+ImagePicker.swift */ = {isa = PBXFileReference; lastKnownFileType = sourcecode.swift; path = "GalleryViewController+ImagePicker.swift"; sourceTree = "<group>"; };
		4D8FCE3D238FF3E100315E3D /* GalleryViewController.swift */ = {isa = PBXFileReference; lastKnownFileType = sourcecode.swift; path = GalleryViewController.swift; sourceTree = "<group>"; };
		535BE1EF8406E87328AFBE47 /* Pods-GalleryImagesUploadSwift.release.xcconfig */ = {isa = PBXFileReference; includeInIndex = 1; lastKnownFileType = text.xcconfig; name = "Pods-GalleryImagesUploadSwift.release.xcconfig"; path = "Target Support Files/Pods-GalleryImagesUploadSwift/Pods-GalleryImagesUploadSwift.release.xcconfig"; sourceTree = "<group>"; };
		64BB701F275FC3677236EFFB /* Pods-GalleryImagesUploadSwiftTests.release.xcconfig */ = {isa = PBXFileReference; includeInIndex = 1; lastKnownFileType = text.xcconfig; name = "Pods-GalleryImagesUploadSwiftTests.release.xcconfig"; path = "Target Support Files/Pods-GalleryImagesUploadSwiftTests/Pods-GalleryImagesUploadSwiftTests.release.xcconfig"; sourceTree = "<group>"; };
		6723B9108B53B8DD50EBF9C5 /* Pods-GalleryImagesUploadSwiftTests.debug.xcconfig */ = {isa = PBXFileReference; includeInIndex = 1; lastKnownFileType = text.xcconfig; name = "Pods-GalleryImagesUploadSwiftTests.debug.xcconfig"; path = "Target Support Files/Pods-GalleryImagesUploadSwiftTests/Pods-GalleryImagesUploadSwiftTests.debug.xcconfig"; sourceTree = "<group>"; };
		AFEAB64DB7FE575D5A6D0213 /* Pods_GalleryImagesUploadSwiftTests.framework */ = {isa = PBXFileReference; explicitFileType = wrapper.framework; includeInIndex = 0; path = Pods_GalleryImagesUploadSwiftTests.framework; sourceTree = BUILT_PRODUCTS_DIR; };
/* End PBXFileReference section */

/* Begin PBXFrameworksBuildPhase section */
		4D8FCDD0238D009D00315E3D /* Frameworks */ = {
			isa = PBXFrameworksBuildPhase;
			buildActionMask = 2147483647;
			files = (
				80F8EDB11AD8145775EEE950 /* Pods_GalleryImagesUploadSwift.framework in Frameworks */,
			);
			runOnlyForDeploymentPostprocessing = 0;
		};
		4D8FCDE6238D009F00315E3D /* Frameworks */ = {
			isa = PBXFrameworksBuildPhase;
			buildActionMask = 2147483647;
			files = (
				8D0321D6CFE8DD8A5B1C3338 /* Pods_GalleryImagesUploadSwiftTests.framework in Frameworks */,
			);
			runOnlyForDeploymentPostprocessing = 0;
		};
/* End PBXFrameworksBuildPhase section */

/* Begin PBXGroup section */
		2D1CEC685960E7608F71CACE /* Pods */ = {
			isa = PBXGroup;
			children = (
				46AD7034B1F8FA3F6515579D /* Pods-GalleryImagesUploadSwift.debug.xcconfig */,
				535BE1EF8406E87328AFBE47 /* Pods-GalleryImagesUploadSwift.release.xcconfig */,
				6723B9108B53B8DD50EBF9C5 /* Pods-GalleryImagesUploadSwiftTests.debug.xcconfig */,
				64BB701F275FC3677236EFFB /* Pods-GalleryImagesUploadSwiftTests.release.xcconfig */,
			);
			path = Pods;
			sourceTree = "<group>";
		};
		4D5795B123911CF60052324B /* Router */ = {
			isa = PBXGroup;
			children = (
				4D5795B523911F680052324B /* GalleryDetailViewRouter.swift */,
			);
			path = Router;
			sourceTree = "<group>";
		};
		4D5795B223911D0B0052324B /* View */ = {
			isa = PBXGroup;
			children = (
				4D5795B323911DD10052324B /* GalleryDetailViewController.swift */,
			);
			path = View;
			sourceTree = "<group>";
		};
		4D5795B723911F970052324B /* Protocols */ = {
			isa = PBXGroup;
			children = (
				4D5795B823911FB70052324B /* GalleryDetailViewProtocols.swift */,
			);
			path = Protocols;
			sourceTree = "<group>";
		};
		4D8FCDCA238D009D00315E3D = {
			isa = PBXGroup;
			children = (
				4D8FCDD5238D009D00315E3D /* GalleryImagesUploadSwift */,
				4D8FCDEC238D009F00315E3D /* GalleryImagesUploadSwiftTests */,
				4D8FCDD4238D009D00315E3D /* Products */,
				2D1CEC685960E7608F71CACE /* Pods */,
				D6801AB68274B169EDFF07C7 /* Frameworks */,
			);
			sourceTree = "<group>";
		};
		4D8FCDD4238D009D00315E3D /* Products */ = {
			isa = PBXGroup;
			children = (
				4D8FCDD3238D009D00315E3D /* GalleryImagesUploadSwift.app */,
				4D8FCDE9238D009F00315E3D /* GalleryImagesUploadSwiftTests.xctest */,
			);
			name = Products;
			sourceTree = "<group>";
		};
		4D8FCDD5238D009D00315E3D /* GalleryImagesUploadSwift */ = {
			isa = PBXGroup;
			children = (
				4D8FCE1C238D3FC300315E3D /* APIManager */,
				4D8FCDF9238D06C400315E3D /* Utilities */,
				4D8FCDF8238D069E00315E3D /* Modules */,
				4D8FCDD6238D009D00315E3D /* AppDelegate.swift */,
				4D8FCDDC238D009E00315E3D /* Main.storyboard */,
				4D8FCDDF238D009F00315E3D /* Assets.xcassets */,
				4D8FCDE1238D009F00315E3D /* LaunchScreen.storyboard */,
				4D8FCDE4238D009F00315E3D /* Info.plist */,
				4D8FCE28238D4D4600315E3D /* GalleryImagesUploadSwift-Bridging-Header.h */,
			);
			path = GalleryImagesUploadSwift;
			sourceTree = "<group>";
		};
		4D8FCDEC238D009F00315E3D /* GalleryImagesUploadSwiftTests */ = {
			isa = PBXGroup;
			children = (
				4D8FCDED238D009F00315E3D /* GalleryImagesUploadSwiftTests.swift */,
				4D8FCE3D238FF3E100315E3D /* GalleryViewController.swift */,
				4D4CD1CC23F16D8900FCBE8F /* GalleryImageUploadMock.swift */,
				4D4CD1D023F18BEA00FCBE8F /* GalleryDetailViewControllerTests.swift */,
				4D8FCDEF238D009F00315E3D /* Info.plist */,
			);
			path = GalleryImagesUploadSwiftTests;
			sourceTree = "<group>";
		};
		4D8FCDF8238D069E00315E3D /* Modules */ = {
			isa = PBXGroup;
			children = (
				4D8FCDFA238D0B3B00315E3D /* GalleryView */,
				4D8FCDFB238D0B4600315E3D /* GalleryDetailView */,
			);
			path = Modules;
			sourceTree = "<group>";
		};
		4D8FCDF9238D06C400315E3D /* Utilities */ = {
			isa = PBXGroup;
			children = (
				4D8FCE0C238D19EE00315E3D /* UIViewController+Helpers.swift */,
				4D7FAB46239B884B0090274E /* UserDefaultsHelper.swift */,
				4D8FCE0E238D2B5200315E3D /* Constants.swift */,
				4D4CD1CA23F16C5900FCBE8F /* AlertImageUpload+Privacy.swift */,
			);
			path = Utilities;
			sourceTree = "<group>";
		};
		4D8FCDFA238D0B3B00315E3D /* GalleryView */ = {
			isa = PBXGroup;
			children = (
				4D8FCDFC238D0B9B00315E3D /* Protocols */,
				4D8FCDFD238D0BA400315E3D /* Router */,
				4D8FCE01238D0BF900315E3D /* Presenter */,
				4D8FCDFF238D0BCA00315E3D /* Interactor */,
				4D8FCE00238D0BD000315E3D /* View */,
				4D8FCDFE238D0BC100315E3D /* Entity */,
			);
			path = GalleryView;
			sourceTree = "<group>";
		};
		4D8FCDFB238D0B4600315E3D /* GalleryDetailView */ = {
			isa = PBXGroup;
			children = (
				4D5795B723911F970052324B /* Protocols */,
				4D5795B123911CF60052324B /* Router */,
				4D5795B223911D0B0052324B /* View */,
			);
			path = GalleryDetailView;
			sourceTree = "<group>";
		};
		4D8FCDFC238D0B9B00315E3D /* Protocols */ = {
			isa = PBXGroup;
			children = (
				4D8FCE02238D0C2F00315E3D /* GalleryViewProtocols.swift */,
			);
			path = Protocols;
			sourceTree = "<group>";
		};
		4D8FCDFD238D0BA400315E3D /* Router */ = {
			isa = PBXGroup;
			children = (
				4D8FCE06238D0F1100315E3D /* GalleryViewRouter.swift */,
			);
			path = Router;
			sourceTree = "<group>";
		};
		4D8FCDFE238D0BC100315E3D /* Entity */ = {
			isa = PBXGroup;
			children = (
				4D8FCE33238E4CC500315E3D /* Gallery.swift */,
			);
			path = Entity;
			sourceTree = "<group>";
		};
		4D8FCDFF238D0BCA00315E3D /* Interactor */ = {
			isa = PBXGroup;
			children = (
				4D8FCE0A238D0F7D00315E3D /* GalleryInteractor.swift */,
			);
			path = Interactor;
			sourceTree = "<group>";
		};
		4D8FCE00238D0BD000315E3D /* View */ = {
			isa = PBXGroup;
			children = (
				4D8FCE04238D0E6C00315E3D /* GalleryViewController.swift */,
				4D8FCE3B238ED04F00315E3D /* GalleryViewController+ImagePicker.swift */,
				4D8FCE39238EA05500315E3D /* GalleryTableViewCell.swift */,
			);
			path = View;
			sourceTree = "<group>";
		};
		4D8FCE01238D0BF900315E3D /* Presenter */ = {
			isa = PBXGroup;
			children = (
				4D8FCE08238D0F7100315E3D /* GalleryPresenter.swift */,
			);
			path = Presenter;
			sourceTree = "<group>";
		};
		4D8FCE1C238D3FC300315E3D /* APIManager */ = {
			isa = PBXGroup;
			children = (
				4D8FCE35238E4ED400315E3D /* APIManager.swift */,
				4D8FCE36238E4ED400315E3D /* HttpHandler.swift */,
			);
			path = APIManager;
			sourceTree = "<group>";
		};
		D6801AB68274B169EDFF07C7 /* Frameworks */ = {
			isa = PBXGroup;
			children = (
				2639A504891386616ABECCB3 /* Pods_GalleryImagesUploadSwift.framework */,
				AFEAB64DB7FE575D5A6D0213 /* Pods_GalleryImagesUploadSwiftTests.framework */,
			);
			name = Frameworks;
			sourceTree = "<group>";
		};
/* End PBXGroup section */

/* Begin PBXNativeTarget section */
		4D8FCDD2238D009D00315E3D /* GalleryImagesUploadSwift */ = {
			isa = PBXNativeTarget;
			buildConfigurationList = 4D8FCDF2238D009F00315E3D /* Build configuration list for PBXNativeTarget "GalleryImagesUploadSwift" */;
			buildPhases = (
				B24ED08F12B76846E2041C8C /* [CP] Check Pods Manifest.lock */,
				4D8FCDCF238D009D00315E3D /* Sources */,
				4D8FCDD0238D009D00315E3D /* Frameworks */,
				4D8FCDD1238D009D00315E3D /* Resources */,
				D3F03EF52C3A36F6F2061E4D /* [CP] Embed Pods Frameworks */,
			);
			buildRules = (
			);
			dependencies = (
			);
			name = GalleryImagesUploadSwift;
			productName = GalleryImagesUploadSwift;
			productReference = 4D8FCDD3238D009D00315E3D /* GalleryImagesUploadSwift.app */;
			productType = "com.apple.product-type.application";
		};
		4D8FCDE8238D009F00315E3D /* GalleryImagesUploadSwiftTests */ = {
			isa = PBXNativeTarget;
			buildConfigurationList = 4D8FCDF5238D009F00315E3D /* Build configuration list for PBXNativeTarget "GalleryImagesUploadSwiftTests" */;
			buildPhases = (
				0DD0619D7FFCCE4FDB88E9A9 /* [CP] Check Pods Manifest.lock */,
				4D8FCDE5238D009F00315E3D /* Sources */,
				4D8FCDE6238D009F00315E3D /* Frameworks */,
				4D8FCDE7238D009F00315E3D /* Resources */,
			);
			buildRules = (
			);
			dependencies = (
				4D8FCDEB238D009F00315E3D /* PBXTargetDependency */,
			);
			name = GalleryImagesUploadSwiftTests;
			productName = GalleryImagesUploadSwiftTests;
			productReference = 4D8FCDE9238D009F00315E3D /* GalleryImagesUploadSwiftTests.xctest */;
			productType = "com.apple.product-type.bundle.unit-test";
		};
/* End PBXNativeTarget section */

/* Begin PBXProject section */
		4D8FCDCB238D009D00315E3D /* Project object */ = {
			isa = PBXProject;
			attributes = {
				LastSwiftUpdateCheck = 1100;
				LastUpgradeCheck = 1100;
				ORGANIZATIONNAME = "Jalal Khan";
				TargetAttributes = {
					4D8FCDD2238D009D00315E3D = {
						CreatedOnToolsVersion = 11.0;
					};
					4D8FCDE8238D009F00315E3D = {
						CreatedOnToolsVersion = 11.0;
						TestTargetID = 4D8FCDD2238D009D00315E3D;
					};
				};
			};
			buildConfigurationList = 4D8FCDCE238D009D00315E3D /* Build configuration list for PBXProject "GalleryImagesUploadSwift" */;
			compatibilityVersion = "Xcode 9.3";
			developmentRegion = en;
			hasScannedForEncodings = 0;
			knownRegions = (
				en,
				Base,
			);
			mainGroup = 4D8FCDCA238D009D00315E3D;
			productRefGroup = 4D8FCDD4238D009D00315E3D /* Products */;
			projectDirPath = "";
			projectRoot = "";
			targets = (
				4D8FCDD2238D009D00315E3D /* GalleryImagesUploadSwift */,
				4D8FCDE8238D009F00315E3D /* GalleryImagesUploadSwiftTests */,
			);
		};
/* End PBXProject section */

/* Begin PBXResourcesBuildPhase section */
		4D8FCDD1238D009D00315E3D /* Resources */ = {
			isa = PBXResourcesBuildPhase;
			buildActionMask = 2147483647;
			files = (
				4D8FCDE3238D009F00315E3D /* LaunchScreen.storyboard in Resources */,
				4D8FCDE0238D009F00315E3D /* Assets.xcassets in Resources */,
				4D8FCDDE238D009E00315E3D /* Main.storyboard in Resources */,
			);
			runOnlyForDeploymentPostprocessing = 0;
		};
		4D8FCDE7238D009F00315E3D /* Resources */ = {
			isa = PBXResourcesBuildPhase;
			buildActionMask = 2147483647;
			files = (
			);
			runOnlyForDeploymentPostprocessing = 0;
		};
/* End PBXResourcesBuildPhase section */

/* Begin PBXShellScriptBuildPhase section */
		0DD0619D7FFCCE4FDB88E9A9 /* [CP] Check Pods Manifest.lock */ = {
			isa = PBXShellScriptBuildPhase;
			buildActionMask = 2147483647;
			files = (
			);
			inputFileListPaths = (
			);
			inputPaths = (
				"${PODS_PODFILE_DIR_PATH}/Podfile.lock",
				"${PODS_ROOT}/Manifest.lock",
			);
			name = "[CP] Check Pods Manifest.lock";
			outputFileListPaths = (
			);
			outputPaths = (
				"$(DERIVED_FILE_DIR)/Pods-GalleryImagesUploadSwiftTests-checkManifestLockResult.txt",
			);
			runOnlyForDeploymentPostprocessing = 0;
			shellPath = /bin/sh;
			shellScript = "diff \"${PODS_PODFILE_DIR_PATH}/Podfile.lock\" \"${PODS_ROOT}/Manifest.lock\" > /dev/null\nif [ $? != 0 ] ; then\n    # print error to STDERR\n    echo \"error: The sandbox is not in sync with the Podfile.lock. Run 'pod install' or update your CocoaPods installation.\" >&2\n    exit 1\nfi\n# This output is used by Xcode 'outputs' to avoid re-running this script phase.\necho \"SUCCESS\" > \"${SCRIPT_OUTPUT_FILE_0}\"\n";
			showEnvVarsInLog = 0;
		};
		B24ED08F12B76846E2041C8C /* [CP] Check Pods Manifest.lock */ = {
			isa = PBXShellScriptBuildPhase;
			buildActionMask = 2147483647;
			files = (
			);
			inputFileListPaths = (
			);
			inputPaths = (
				"${PODS_PODFILE_DIR_PATH}/Podfile.lock",
				"${PODS_ROOT}/Manifest.lock",
			);
			name = "[CP] Check Pods Manifest.lock";
			outputFileListPaths = (
			);
			outputPaths = (
				"$(DERIVED_FILE_DIR)/Pods-GalleryImagesUploadSwift-checkManifestLockResult.txt",
			);
			runOnlyForDeploymentPostprocessing = 0;
			shellPath = /bin/sh;
			shellScript = "diff \"${PODS_PODFILE_DIR_PATH}/Podfile.lock\" \"${PODS_ROOT}/Manifest.lock\" > /dev/null\nif [ $? != 0 ] ; then\n    # print error to STDERR\n    echo \"error: The sandbox is not in sync with the Podfile.lock. Run 'pod install' or update your CocoaPods installation.\" >&2\n    exit 1\nfi\n# This output is used by Xcode 'outputs' to avoid re-running this script phase.\necho \"SUCCESS\" > \"${SCRIPT_OUTPUT_FILE_0}\"\n";
			showEnvVarsInLog = 0;
		};
		D3F03EF52C3A36F6F2061E4D /* [CP] Embed Pods Frameworks */ = {
			isa = PBXShellScriptBuildPhase;
			buildActionMask = 2147483647;
			files = (
			);
			inputFileListPaths = (
				"${PODS_ROOT}/Target Support Files/Pods-GalleryImagesUploadSwift/Pods-GalleryImagesUploadSwift-frameworks-${CONFIGURATION}-input-files.xcfilelist",
			);
			name = "[CP] Embed Pods Frameworks";
			outputFileListPaths = (
				"${PODS_ROOT}/Target Support Files/Pods-GalleryImagesUploadSwift/Pods-GalleryImagesUploadSwift-frameworks-${CONFIGURATION}-output-files.xcfilelist",
			);
			runOnlyForDeploymentPostprocessing = 0;
			shellPath = /bin/sh;
			shellScript = "\"${PODS_ROOT}/Target Support Files/Pods-GalleryImagesUploadSwift/Pods-GalleryImagesUploadSwift-frameworks.sh\"\n";
			showEnvVarsInLog = 0;
		};
/* End PBXShellScriptBuildPhase section */

/* Begin PBXSourcesBuildPhase section */
		4D8FCDCF238D009D00315E3D /* Sources */ = {
			isa = PBXSourcesBuildPhase;
			buildActionMask = 2147483647;
			files = (
				4D8FCE37238E4ED400315E3D /* APIManager.swift in Sources */,
				4D8FCE38238E4ED400315E3D /* HttpHandler.swift in Sources */,
				4D5795B423911DD10052324B /* GalleryDetailViewController.swift in Sources */,
				4D8FCE05238D0E6C00315E3D /* GalleryViewController.swift in Sources */,
				4D8FCE09238D0F7100315E3D /* GalleryPresenter.swift in Sources */,
				4D8FCDD7238D009D00315E3D /* AppDelegate.swift in Sources */,
				4D8FCE07238D0F1100315E3D /* GalleryViewRouter.swift in Sources */,
				4D7FAB47239B884B0090274E /* UserDefaultsHelper.swift in Sources */,
				4D4CD1CB23F16C5900FCBE8F /* AlertImageUpload+Privacy.swift in Sources */,
				4D5795B623911F680052324B /* GalleryDetailViewRouter.swift in Sources */,
				4D8FCE34238E4CC500315E3D /* Gallery.swift in Sources */,
				4D8FCE3A238EA05500315E3D /* GalleryTableViewCell.swift in Sources */,
				4D8FCE3C238ED04F00315E3D /* GalleryViewController+ImagePicker.swift in Sources */,
				4D8FCE03238D0C2F00315E3D /* GalleryViewProtocols.swift in Sources */,
				4D5795B923911FB70052324B /* GalleryDetailViewProtocols.swift in Sources */,
				4D8FCE0B238D0F7D00315E3D /* GalleryInteractor.swift in Sources */,
				4D8FCE0D238D19EE00315E3D /* UIViewController+Helpers.swift in Sources */,
				4D8FCE0F238D2B5200315E3D /* Constants.swift in Sources */,
			);
			runOnlyForDeploymentPostprocessing = 0;
		};
		4D8FCDE5238D009F00315E3D /* Sources */ = {
			isa = PBXSourcesBuildPhase;
			buildActionMask = 2147483647;
			files = (
				4D4CD1CD23F16D8900FCBE8F /* GalleryImageUploadMock.swift in Sources */,
				4D8FCDEE238D009F00315E3D /* GalleryImagesUploadSwiftTests.swift in Sources */,
				4D4CD1D123F18BEA00FCBE8F /* GalleryDetailViewControllerTests.swift in Sources */,
				4D8FCE3E238FF3E200315E3D /* GalleryViewController.swift in Sources */,
			);
			runOnlyForDeploymentPostprocessing = 0;
		};
/* End PBXSourcesBuildPhase section */

/* Begin PBXTargetDependency section */
		4D8FCDEB238D009F00315E3D /* PBXTargetDependency */ = {
			isa = PBXTargetDependency;
			target = 4D8FCDD2238D009D00315E3D /* GalleryImagesUploadSwift */;
			targetProxy = 4D8FCDEA238D009F00315E3D /* PBXContainerItemProxy */;
		};
/* End PBXTargetDependency section */

/* Begin PBXVariantGroup section */
		4D8FCDDC238D009E00315E3D /* Main.storyboard */ = {
			isa = PBXVariantGroup;
			children = (
				4D8FCDDD238D009E00315E3D /* Base */,
			);
			name = Main.storyboard;
			sourceTree = "<group>";
		};
		4D8FCDE1238D009F00315E3D /* LaunchScreen.storyboard */ = {
			isa = PBXVariantGroup;
			children = (
				4D8FCDE2238D009F00315E3D /* Base */,
			);
			name = LaunchScreen.storyboard;
			sourceTree = "<group>";
		};
/* End PBXVariantGroup section */

/* Begin XCBuildConfiguration section */
		4D8FCDF0238D009F00315E3D /* Debug */ = {
			isa = XCBuildConfiguration;
			buildSettings = {
				ALWAYS_SEARCH_USER_PATHS = NO;
				CLANG_ANALYZER_NONNULL = YES;
				CLANG_ANALYZER_NUMBER_OBJECT_CONVERSION = YES_AGGRESSIVE;
				CLANG_CXX_LANGUAGE_STANDARD = "gnu++14";
				CLANG_CXX_LIBRARY = "libc++";
				CLANG_ENABLE_MODULES = YES;
				CLANG_ENABLE_OBJC_ARC = YES;
				CLANG_ENABLE_OBJC_WEAK = YES;
				CLANG_WARN_BLOCK_CAPTURE_AUTORELEASING = YES;
				CLANG_WARN_BOOL_CONVERSION = YES;
				CLANG_WARN_COMMA = YES;
				CLANG_WARN_CONSTANT_CONVERSION = YES;
				CLANG_WARN_DEPRECATED_OBJC_IMPLEMENTATIONS = YES;
				CLANG_WARN_DIRECT_OBJC_ISA_USAGE = YES_ERROR;
				CLANG_WARN_DOCUMENTATION_COMMENTS = YES;
				CLANG_WARN_EMPTY_BODY = YES;
				CLANG_WARN_ENUM_CONVERSION = YES;
				CLANG_WARN_INFINITE_RECURSION = YES;
				CLANG_WARN_INT_CONVERSION = YES;
				CLANG_WARN_NON_LITERAL_NULL_CONVERSION = YES;
				CLANG_WARN_OBJC_IMPLICIT_RETAIN_SELF = YES;
				CLANG_WARN_OBJC_LITERAL_CONVERSION = YES;
				CLANG_WARN_OBJC_ROOT_CLASS = YES_ERROR;
				CLANG_WARN_RANGE_LOOP_ANALYSIS = YES;
				CLANG_WARN_STRICT_PROTOTYPES = YES;
				CLANG_WARN_SUSPICIOUS_MOVE = YES;
				CLANG_WARN_UNGUARDED_AVAILABILITY = YES_AGGRESSIVE;
				CLANG_WARN_UNREACHABLE_CODE = YES;
				CLANG_WARN__DUPLICATE_METHOD_MATCH = YES;
				COPY_PHASE_STRIP = NO;
				DEBUG_INFORMATION_FORMAT = dwarf;
				ENABLE_STRICT_OBJC_MSGSEND = YES;
				ENABLE_TESTABILITY = YES;
				GCC_C_LANGUAGE_STANDARD = gnu11;
				GCC_DYNAMIC_NO_PIC = NO;
				GCC_NO_COMMON_BLOCKS = YES;
				GCC_OPTIMIZATION_LEVEL = 0;
				GCC_PREPROCESSOR_DEFINITIONS = (
					"DEBUG=1",
					"$(inherited)",
				);
				GCC_WARN_64_TO_32_BIT_CONVERSION = YES;
				GCC_WARN_ABOUT_RETURN_TYPE = YES_ERROR;
				GCC_WARN_UNDECLARED_SELECTOR = YES;
				GCC_WARN_UNINITIALIZED_AUTOS = YES_AGGRESSIVE;
				GCC_WARN_UNUSED_FUNCTION = YES;
				GCC_WARN_UNUSED_VARIABLE = YES;
				IPHONEOS_DEPLOYMENT_TARGET = 13.0;
				MTL_ENABLE_DEBUG_INFO = INCLUDE_SOURCE;
				MTL_FAST_MATH = YES;
				ONLY_ACTIVE_ARCH = YES;
				SDKROOT = iphoneos;
				SWIFT_ACTIVE_COMPILATION_CONDITIONS = DEBUG;
				SWIFT_OPTIMIZATION_LEVEL = "-Onone";
			};
			name = Debug;
		};
		4D8FCDF1238D009F00315E3D /* Release */ = {
			isa = XCBuildConfiguration;
			buildSettings = {
				ALWAYS_SEARCH_USER_PATHS = NO;
				CLANG_ANALYZER_NONNULL = YES;
				CLANG_ANALYZER_NUMBER_OBJECT_CONVERSION = YES_AGGRESSIVE;
				CLANG_CXX_LANGUAGE_STANDARD = "gnu++14";
				CLANG_CXX_LIBRARY = "libc++";
				CLANG_ENABLE_MODULES = YES;
				CLANG_ENABLE_OBJC_ARC = YES;
				CLANG_ENABLE_OBJC_WEAK = YES;
				CLANG_WARN_BLOCK_CAPTURE_AUTORELEASING = YES;
				CLANG_WARN_BOOL_CONVERSION = YES;
				CLANG_WARN_COMMA = YES;
				CLANG_WARN_CONSTANT_CONVERSION = YES;
				CLANG_WARN_DEPRECATED_OBJC_IMPLEMENTATIONS = YES;
				CLANG_WARN_DIRECT_OBJC_ISA_USAGE = YES_ERROR;
				CLANG_WARN_DOCUMENTATION_COMMENTS = YES;
				CLANG_WARN_EMPTY_BODY = YES;
				CLANG_WARN_ENUM_CONVERSION = YES;
				CLANG_WARN_INFINITE_RECURSION = YES;
				CLANG_WARN_INT_CONVERSION = YES;
				CLANG_WARN_NON_LITERAL_NULL_CONVERSION = YES;
				CLANG_WARN_OBJC_IMPLICIT_RETAIN_SELF = YES;
				CLANG_WARN_OBJC_LITERAL_CONVERSION = YES;
				CLANG_WARN_OBJC_ROOT_CLASS = YES_ERROR;
				CLANG_WARN_RANGE_LOOP_ANALYSIS = YES;
				CLANG_WARN_STRICT_PROTOTYPES = YES;
				CLANG_WARN_SUSPICIOUS_MOVE = YES;
				CLANG_WARN_UNGUARDED_AVAILABILITY = YES_AGGRESSIVE;
				CLANG_WARN_UNREACHABLE_CODE = YES;
				CLANG_WARN__DUPLICATE_METHOD_MATCH = YES;
				COPY_PHASE_STRIP = NO;
				DEBUG_INFORMATION_FORMAT = "dwarf-with-dsym";
				ENABLE_NS_ASSERTIONS = NO;
				ENABLE_STRICT_OBJC_MSGSEND = YES;
				GCC_C_LANGUAGE_STANDARD = gnu11;
				GCC_NO_COMMON_BLOCKS = YES;
				GCC_WARN_64_TO_32_BIT_CONVERSION = YES;
				GCC_WARN_ABOUT_RETURN_TYPE = YES_ERROR;
				GCC_WARN_UNDECLARED_SELECTOR = YES;
				GCC_WARN_UNINITIALIZED_AUTOS = YES_AGGRESSIVE;
				GCC_WARN_UNUSED_FUNCTION = YES;
				GCC_WARN_UNUSED_VARIABLE = YES;
				IPHONEOS_DEPLOYMENT_TARGET = 13.0;
				MTL_ENABLE_DEBUG_INFO = NO;
				MTL_FAST_MATH = YES;
				SDKROOT = iphoneos;
				SWIFT_COMPILATION_MODE = wholemodule;
				SWIFT_OPTIMIZATION_LEVEL = "-O";
				VALIDATE_PRODUCT = YES;
			};
			name = Release;
		};
		4D8FCDF3238D009F00315E3D /* Debug */ = {
			isa = XCBuildConfiguration;
			baseConfigurationReference = 46AD7034B1F8FA3F6515579D /* Pods-GalleryImagesUploadSwift.debug.xcconfig */;
			buildSettings = {
				ASSETCATALOG_COMPILER_APPICON_NAME = AppIcon;
				CODE_SIGN_STYLE = Automatic;
				DEVELOPMENT_TEAM = 9JYXXUJ2R7;
				INFOPLIST_FILE = GalleryImagesUploadSwift/Info.plist;
				LD_RUNPATH_SEARCH_PATHS = (
					"$(inherited)",
					"@executable_path/Frameworks",
				);
				PRODUCT_BUNDLE_IDENTIFIER = com.jalalkhan.GalleryImagesUploadSwift;
				PRODUCT_NAME = "$(TARGET_NAME)";
				SWIFT_VERSION = 5.0;
				TARGETED_DEVICE_FAMILY = "1,2";
			};
			name = Debug;
		};
		4D8FCDF4238D009F00315E3D /* Release */ = {
			isa = XCBuildConfiguration;
			baseConfigurationReference = 535BE1EF8406E87328AFBE47 /* Pods-GalleryImagesUploadSwift.release.xcconfig */;
			buildSettings = {
				ASSETCATALOG_COMPILER_APPICON_NAME = AppIcon;
				CODE_SIGN_STYLE = Automatic;
				DEVELOPMENT_TEAM = 9JYXXUJ2R7;
				INFOPLIST_FILE = GalleryImagesUploadSwift/Info.plist;
				LD_RUNPATH_SEARCH_PATHS = (
					"$(inherited)",
					"@executable_path/Frameworks",
				);
				PRODUCT_BUNDLE_IDENTIFIER = com.jalalkhan.GalleryImagesUploadSwift;
				PRODUCT_NAME = "$(TARGET_NAME)";
				SWIFT_VERSION = 5.0;
				TARGETED_DEVICE_FAMILY = "1,2";
			};
			name = Release;
		};
		4D8FCDF6238D009F00315E3D /* Debug */ = {
			isa = XCBuildConfiguration;
			baseConfigurationReference = 6723B9108B53B8DD50EBF9C5 /* Pods-GalleryImagesUploadSwiftTests.debug.xcconfig */;
			buildSettings = {
				ALWAYS_EMBED_SWIFT_STANDARD_LIBRARIES = YES;
				BUNDLE_LOADER = "$(TEST_HOST)";
				CODE_SIGN_STYLE = Automatic;
				DEVELOPMENT_TEAM = 9JYXXUJ2R7;
				INFOPLIST_FILE = GalleryImagesUploadSwiftTests/Info.plist;
				IPHONEOS_DEPLOYMENT_TARGET = 13.0;
				LD_RUNPATH_SEARCH_PATHS = (
					"$(inherited)",
					"@executable_path/Frameworks",
					"@loader_path/Frameworks",
				);
				PRODUCT_BUNDLE_IDENTIFIER = com.jalalkhan.GalleryImagesUploadSwiftTests;
				PRODUCT_NAME = "$(TARGET_NAME)";
				SWIFT_VERSION = 5.0;
				TARGETED_DEVICE_FAMILY = "1,2";
				TEST_HOST = "$(BUILT_PRODUCTS_DIR)/GalleryImagesUploadSwift.app/GalleryImagesUploadSwift";
			};
			name = Debug;
		};
		4D8FCDF7238D009F00315E3D /* Release */ = {
			isa = XCBuildConfiguration;
			baseConfigurationReference = 64BB701F275FC3677236EFFB /* Pods-GalleryImagesUploadSwiftTests.release.xcconfig */;
			buildSettings = {
				ALWAYS_EMBED_SWIFT_STANDARD_LIBRARIES = YES;
				BUNDLE_LOADER = "$(TEST_HOST)";
				CODE_SIGN_STYLE = Automatic;
				DEVELOPMENT_TEAM = 9JYXXUJ2R7;
				INFOPLIST_FILE = GalleryImagesUploadSwiftTests/Info.plist;
				IPHONEOS_DEPLOYMENT_TARGET = 13.0;
				LD_RUNPATH_SEARCH_PATHS = (
					"$(inherited)",
					"@executable_path/Frameworks",
					"@loader_path/Frameworks",
				);
				PRODUCT_BUNDLE_IDENTIFIER = com.jalalkhan.GalleryImagesUploadSwiftTests;
				PRODUCT_NAME = "$(TARGET_NAME)";
				SWIFT_VERSION = 5.0;
				TARGETED_DEVICE_FAMILY = "1,2";
				TEST_HOST = "$(BUILT_PRODUCTS_DIR)/GalleryImagesUploadSwift.app/GalleryImagesUploadSwift";
			};
			name = Release;
		};
/* End XCBuildConfiguration section */

/* Begin XCConfigurationList section */
		4D8FCDCE238D009D00315E3D /* Build configuration list for PBXProject "GalleryImagesUploadSwift" */ = {
			isa = XCConfigurationList;
			buildConfigurations = (
				4D8FCDF0238D009F00315E3D /* Debug */,
				4D8FCDF1238D009F00315E3D /* Release */,
			);
			defaultConfigurationIsVisible = 0;
			defaultConfigurationName = Release;
		};
		4D8FCDF2238D009F00315E3D /* Build configuration list for PBXNativeTarget "GalleryImagesUploadSwift" */ = {
			isa = XCConfigurationList;
			buildConfigurations = (
				4D8FCDF3238D009F00315E3D /* Debug */,
				4D8FCDF4238D009F00315E3D /* Release */,
			);
			defaultConfigurationIsVisible = 0;
			defaultConfigurationName = Release;
		};
		4D8FCDF5238D009F00315E3D /* Build configuration list for PBXNativeTarget "GalleryImagesUploadSwiftTests" */ = {
			isa = XCConfigurationList;
			buildConfigurations = (
				4D8FCDF6238D009F00315E3D /* Debug */,
				4D8FCDF7238D009F00315E3D /* Release */,
			);
			defaultConfigurationIsVisible = 0;
			defaultConfigurationName = Release;
		};
/* End XCConfigurationList section */
	};
	rootObject = 4D8FCDCB238D009D00315E3D /* Project object */;
}
